
Microsoft Visual Studio Solution File, Format Version 12.00
# Visual Studio Version 17
VisualStudioVersion = 17.4.33122.133
MinimumVisualStudioVersion = 10.0.40219.1
Project("{FAE04EC0-301F-11D3-BF4B-00C04F79EFBC}") = "RudderStackDemo", "RudderStackDemo\RudderStackDemo.csproj", "{3F88FFB6-76F3-4172-B16C-2CB2971CBB9A}"
EndProject
Global
	GlobalSection(SolutionConfigurationPlatforms) = preSolution
		Debug|Any CPU = Debug|Any CPU
		Release|Any CPU = Release|Any CPU
	EndGlobalSection
	GlobalSection(ProjectConfigurationPlatforms) = postSolution
		{3F88FFB6-76F3-4172-B16C-2CB2971CBB9A}.Debug|Any CPU.ActiveCfg = Debug|Any CPU
		{3F88FFB6-76F3-4172-B16C-2CB2971CBB9A}.Debug|Any CPU.Build.0 = Debug|Any CPU
		{3F88FFB6-76F3-4172-B16C-2CB2971CBB9A}.Release|Any CPU.ActiveCfg = Release|Any CPU
		{3F88FFB6-76F3-4172-B16C-2CB2971CBB9A}.Release|Any CPU.Build.0 = Release|Any CPU
	EndGlobalSection
	GlobalSection(SolutionProperties) = preSolution
		HideSolutionNode = FALSE
	EndGlobalSection
	GlobalSection(ExtensibilityGlobals) = postSolution
		SolutionGuid = {5321CADE-0FE8-4115-951C-8F778447C601}
	EndGlobalSection
EndGlobal
